
Microsoft Visual Studio Solution File, Format Version 10.00
# Visual Studio 2008
Project("{8BC9CEB8-8B4A-11D0-8D11-00A0C91BC942}") = "testCV", "testCV\testCV.vcproj", "{76C5C25A-8077-4A3C-A178-833B15FFCDAB}"
EndProject
Project("{8BC9CEB8-8B4A-11D0-8D11-00A0C91BC942}") = "gSLIC", "gSLIC\gSLIC.vcproj", "{2BF7EB3F-F49C-402D-B690-73633029EA1B}"
EndProject
Global
	GlobalSection(SolutionConfigurationPlatforms) = preSolution
		Debug|Win32 = Debug|Win32
		Release|Win32 = Release|Win32
	EndGlobalSection
	GlobalSection(ProjectConfigurationPlatforms) = postSolution
		{76C5C25A-8077-4A3C-A178-833B15FFCDAB}.Debug|Win32.ActiveCfg = Debug|Win32
		{76C5C25A-8077-4A3C-A178-833B15FFCDAB}.Debug|Win32.Build.0 = Debug|Win32
		{76C5C25A-8077-4A3C-A178-833B15FFCDAB}.Release|Win32.ActiveCfg = Release|Win32
		{76C5C25A-8077-4A3C-A178-833B15FFCDAB}.Release|Win32.Build.0 = Release|Win32
		{2BF7EB3F-F49C-402D-B690-73633029EA1B}.Debug|Win32.ActiveCfg = Debug|Win32
		{2BF7EB3F-F49C-402D-B690-73633029EA1B}.Debug|Win32.Build.0 = Debug|Win32
		{2BF7EB3F-F49C-402D-B690-73633029EA1B}.Release|Win32.ActiveCfg = Release|Win32
		{2BF7EB3F-F49C-402D-B690-73633029EA1B}.Release|Win32.Build.0 = Release|Win32
	EndGlobalSection
	GlobalSection(SolutionProperties) = preSolution
		HideSolutionNode = FALSE
	EndGlobalSection
EndGlobal
